{
  "version": "2",
  "remote": {
    "https://code4fukui.github.io/TinySegmenter/TinySegmenter.js": "f70920e7cb9bd436553986bdd3e556b59a6f3b622c6a57a2cf8ff5b08be1e701",
    "https://deno.land/std@0.183.0/collections/filter_values.ts": "5b9feaf17b9a6e5ffccdd36cf6f38fa4ffa94cff2602d381c2ad0c2a97929652",
    "https://deno.land/std@0.183.0/collections/without_all.ts": "a89f5da0b5830defed4f59666e188df411d8fece35a5f6ca69be6ca71a95c185",
    "https://deno.land/std@0.183.0/dotenv/load.ts": "0636983549b98f29ab75c9a22a42d9723f0a389ece5498fe971e7bb2556a12e2",
    "https://deno.land/std@0.183.0/dotenv/mod.ts": "e4c3cdbe11f05340e1217a4ebe2e6f2eef49e11c8d7d2595bb977923a396e18b",
    "https://deno.land/std@0.189.0/collections/_comparators.ts": "fa7f9a44cea1d270098a2a5a6f8bb30c61b595c1b1f983bd67c6297d766adffa",
    "https://deno.land/std@0.189.0/collections/_utils.ts": "5114abc026ddef71207a79609b984614e66a63a4bda17d819d56b0e72c51527e",
    "https://deno.land/std@0.189.0/collections/aggregate_groups.ts": "133fe3a534a447c30f96ec95734396e81d2f1800f14941dce45e531ffb35d317",
    "https://deno.land/std@0.189.0/collections/associate_by.ts": "5dca892cefdc83227daecdc4110096b918f8a0da8ab9f396b3f43eab379e81c8",
    "https://deno.land/std@0.189.0/collections/associate_with.ts": "343cf93d3faf3206f0726218748d22ac7290d6d6ec8476befd916571a0baa834",
    "https://deno.land/std@0.189.0/collections/binary_heap.ts": "64a5f4ff7383d6462a19f3da48ce81a8a10f0d73c91e5463706f01b2490bb005",
    "https://deno.land/std@0.189.0/collections/chunk.ts": "541f4b537109163f859e7b2e2ff6245669cf4d7feaeae9674b01e1acf3929291",
    "https://deno.land/std@0.189.0/collections/deep_merge.ts": "5a8ed29030f4471a5272785c57c3455fa79697b9a8f306013a8feae12bafc99a",
    "https://deno.land/std@0.189.0/collections/distinct.ts": "5f9671702ace8bc0ca59237554e6d7509b08899338ce6f990d146d26538339ea",
    "https://deno.land/std@0.189.0/collections/distinct_by.ts": "30bd7af8895ac4289d2df1f7c8eb0628b4391cd310aadb861be285840af93b43",
    "https://deno.land/std@0.189.0/collections/drop_last_while.ts": "b80dde3ebab9f91845d3d80e256e22d8e6e7c0896b28827266dd5c53a1e76f8d",
    "https://deno.land/std@0.189.0/collections/drop_while.ts": "221a208e49db1fddab52854fda880614c45454c9696820f86f22ddc2f2498c0d",
    "https://deno.land/std@0.189.0/collections/filter_entries.ts": "721f5392f4b450350c79b45a194395758506d386fa8adc23704d4bdb8903cdeb",
    "https://deno.land/std@0.189.0/collections/filter_keys.ts": "3b99bd98d347f23b8fe8183b108077ae6e467707e80798e768c11eb86fff49c9",
    "https://deno.land/std@0.189.0/collections/filter_values.ts": "5b9feaf17b9a6e5ffccdd36cf6f38fa4ffa94cff2602d381c2ad0c2a97929652",
    "https://deno.land/std@0.189.0/collections/find_single.ts": "92533faa615511efe948121c15c06805292a1b6bb942f6bd07457511f409fc0c",
    "https://deno.land/std@0.189.0/collections/first_not_nullish_of.ts": "104eca7b0914f7190c350b0e215033b366c679914c3e19c5424414522611daed",
    "https://deno.land/std@0.189.0/collections/group_by.ts": "59bcf7ddc386ff78521446ccafbfc3ff08a72afacae56f24406389563482b9a0",
    "https://deno.land/std@0.189.0/collections/includes_value.ts": "ef91ec433be90e75d2e7cad9f28500a85413e3a3f055b4fc57beefc4c9faed8f",
    "https://deno.land/std@0.189.0/collections/intersect.ts": "cfe4a305b69a2ee1fedb29a08c412a36145326788c702526ab69f01c1b4b6c65",
    "https://deno.land/std@0.189.0/collections/join_to_string.ts": "450323c5d4d9ddef4fb408f9b5206a30b609ae30e198562cb99546525d58be62",
    "https://deno.land/std@0.189.0/collections/map_entries.ts": "26ad0c17460cfd9d889e7d80a1ecbaca17021b0c59262101681bbb7524eaa4f5",
    "https://deno.land/std@0.189.0/collections/map_keys.ts": "8505f1a0983c0ba6e65265608c0b2332226bb66ea3a9dee50ed7c2e16101c91a",
    "https://deno.land/std@0.189.0/collections/map_not_nullish.ts": "7b97c1797223781db472ac66810085f2b1d1695393b525c399edf73ff1f7160f",
    "https://deno.land/std@0.189.0/collections/map_values.ts": "431b78fd770c72cc978ca7bbfa08cdc0805e69c7d2b69ad19859e093467bd46d",
    "https://deno.land/std@0.189.0/collections/max_by.ts": "2adb39effb8df0e1c99c7c7745a994c3bac0f3405474766cd262d7eba8b0ec6f",
    "https://deno.land/std@0.189.0/collections/max_of.ts": "38520747a84c830256082be9ad1cb7cbe4867452bcd5dde3551f6b071775061b",
    "https://deno.land/std@0.189.0/collections/max_with.ts": "bf58877ad2fe629531dceddd50b6c30266451809d9e7f6ad3304eaa01f55793b",
    "https://deno.land/std@0.189.0/collections/min_by.ts": "5bb8726695eaeff1a32d8ca44acc358f6500617a7854a5b1b9f715cdd6b09ce4",
    "https://deno.land/std@0.189.0/collections/min_of.ts": "cf0208457d365db0403bdfaa0bc84110ccbbc338db6a56f943c59cd8026d531d",
    "https://deno.land/std@0.189.0/collections/min_with.ts": "6e6bbdd35fa31b8b5bf62e491ca98ae41721c9a106589ecbab227074c2cf1a42",
    "https://deno.land/std@0.189.0/collections/mod.ts": "05648f56cbc0383f2c3180ee60a7c99bbd637232e98e19b97a5d61d1f3043b8a",
    "https://deno.land/std@0.189.0/collections/partition.ts": "cf57f32e4022d092b209c341a3c04338e8386ab19947a48416e131596d925f08",
    "https://deno.land/std@0.189.0/collections/partition_entries.ts": "121dfd08b4c983f762ec271988729e7582a57583b0ab0a042d08ea1aa4e07f08",
    "https://deno.land/std@0.189.0/collections/permutations.ts": "ed05dedd5cec919f0fb7ffe56713bb1cbaac603ef1bab9c2b8c88b3a6d4658cb",
    "https://deno.land/std@0.189.0/collections/reduce_groups.ts": "9bcfeecddf727f1d1fa3a4fefbb594713405d991f0e82706a4602bb5144d2983",
    "https://deno.land/std@0.189.0/collections/running_reduce.ts": "e64673193860d2a71a7a1c607e34f01bee19e7b9df0ccd235e770d25836b161f",
    "https://deno.land/std@0.189.0/collections/sample.ts": "1a744b2a486e2792332499d942ccc6edd2f40719f76a2a7a9ec185a3c07e59da",
    "https://deno.land/std@0.189.0/collections/sliding_windows.ts": "2d99522a753af01afc29a6b7b9135c35bd8ce654e80500b9533706ebe0f418b1",
    "https://deno.land/std@0.189.0/collections/sort_by.ts": "1202915ce874f76369109c75cf5fe34c90f2e6943f34bbbedde9d26e5785cef6",
    "https://deno.land/std@0.189.0/collections/sum_of.ts": "8e131cc5d1a5be9b1cb755e9bee66fc45c1705f20f24a0a2610a79adf4849999",
    "https://deno.land/std@0.189.0/collections/take_last_while.ts": "1ac8dc5b701c0d763a3b423db75a2ae64e75f849f64e6caa6baa51247c25b229",
    "https://deno.land/std@0.189.0/collections/take_while.ts": "3ba42ccce85c8a6b70ca6e6d8ea4291f35c968c774a82545e414e2c4d2b34be4",
    "https://deno.land/std@0.189.0/collections/union.ts": "760ab22dd36316d9217ffc000c50b7da88915a95ed7a901b2e977906087e7882",
    "https://deno.land/std@0.189.0/collections/unzip.ts": "fbe714638ee03129b03867d48cb7029f2db50c63f70ba02d795ccdfe3ca7093e",
    "https://deno.land/std@0.189.0/collections/without_all.ts": "a89f5da0b5830defed4f59666e188df411d8fece35a5f6ca69be6ca71a95c185",
    "https://deno.land/std@0.189.0/collections/zip.ts": "a214754eec9490a27056dc568bbbb6f5455dd9cea7543c96bde93ca274068b0d"
  },
  "npm": {
    "specifiers": {
      "@atproto/api": "@atproto/api@0.3.7"
    },
    "packages": {
      "@atproto/api@0.3.7": {
        "integrity": "sha512-JHN3rHNGro4AaJWU64hsmpTUzd2+FbfMBiDkqyBmoKtj972ueBJeH8tz6WdnPcsIRfCj1kRthKFj2yJwgt6aSQ==",
        "dependencies": {
          "@atproto/common-web": "@atproto/common-web@0.1.0",
          "@atproto/uri": "@atproto/uri@0.0.2",
          "@atproto/xrpc": "@atproto/xrpc@0.1.0",
          "tlds": "tlds@1.238.0",
          "typed-emitter": "typed-emitter@2.1.0"
        }
      },
      "@atproto/common-web@0.1.0": {
        "integrity": "sha512-qD6xF60hvH+cP++fk/mt+0S9cxs94KsK+rNWypNlgnlp7r9By4ltXwtDSR/DNTA8mwDeularUno4VbTd2IWIzA==",
        "dependencies": {
          "multiformats": "multiformats@9.9.0",
          "uint8arrays": "uint8arrays@3.0.0",
          "zod": "zod@3.21.4"
        }
      },
      "@atproto/identifier@0.1.0": {
        "integrity": "sha512-3LV7+4E6S0k8Rru7NBkyDF6Zf6NHVUXVS9d4l9fiXWMC49ghZMjq0vPmz80xjG1rRuFdJFbpRf4ApFciGxLIyQ==",
        "dependencies": {
          "@atproto/common-web": "@atproto/common-web@0.1.0"
        }
      },
      "@atproto/lexicon@0.1.0": {
        "integrity": "sha512-Iy+gV9w42xLhrZrmcbZh7VFoHjXuzWvecGHIfz44owNjjv7aE/d2P5BbOX/XicSkmQ8Qkpg0BqwYDD1XBVS+DQ==",
        "dependencies": {
          "@atproto/common-web": "@atproto/common-web@0.1.0",
          "@atproto/identifier": "@atproto/identifier@0.1.0",
          "@atproto/nsid": "@atproto/nsid@0.0.1",
          "@atproto/uri": "@atproto/uri@0.0.2",
          "iso-datestring-validator": "iso-datestring-validator@2.2.2",
          "multiformats": "multiformats@9.9.0",
          "zod": "zod@3.21.4"
        }
      },
      "@atproto/nsid@0.0.1": {
        "integrity": "sha512-t5M6/CzWBVYoBbIvfKDpqPj/+ZmyoK9ydZSStcTXosJ27XXwOPhz0VDUGKK2SM9G5Y7TPes8S5KTAU0UdVYFCw==",
        "dependencies": {}
      },
      "@atproto/uri@0.0.2": {
        "integrity": "sha512-/6otLZF7BLpT9suSdHuXLbL12nINcWPsLmcOI+dctqovWUjH+XIRVNXDQgBYSrPVetxMiknuEwWelmnA33AEXg==",
        "dependencies": {
          "@atproto/identifier": "@atproto/identifier@0.1.0",
          "@atproto/nsid": "@atproto/nsid@0.0.1"
        }
      },
      "@atproto/xrpc@0.1.0": {
        "integrity": "sha512-LhBeZkQwPezjEtricGYnG62udFglOqlnmMSS0KyWgEAPi4KMp4H2F4jNoXcf5NPtZ9S4N4hJaErHX4PJYv2lfA==",
        "dependencies": {
          "@atproto/lexicon": "@atproto/lexicon@0.1.0",
          "zod": "zod@3.21.4"
        }
      },
      "iso-datestring-validator@2.2.2": {
        "integrity": "sha512-yLEMkBbLZTlVQqOnQ4FiMujR6T4DEcCb1xizmvXS+OxuhwcbtynoosRzdMA69zZCShCNAbi+gJ71FxZBBXx1SA==",
        "dependencies": {}
      },
      "multiformats@9.9.0": {
        "integrity": "sha512-HoMUjhH9T8DDBNT+6xzkrd9ga/XiBI4xLr58LJACwK6G3HTOPeMz4nB4KJs33L2BelrIJa7P0VuNaVF3hMYfjg==",
        "dependencies": {}
      },
      "rxjs@7.8.1": {
        "integrity": "sha512-AA3TVj+0A2iuIoQkWEK/tqFjBq2j+6PO6Y0zJcvzLAFhEFIO3HL0vls9hWLncZbAAbK0mar7oZ4V079I/qPMxg==",
        "dependencies": {
          "tslib": "tslib@2.5.2"
        }
      },
      "tlds@1.238.0": {
        "integrity": "sha512-lFPF9pZFhLrPodaJ0wt9QIN0l8jOxqmUezGZnm7BfkDSVd9q667oVIJukLVzhF+4oW7uDlrLlfJrL5yu9RWwew==",
        "dependencies": {}
      },
      "tslib@2.5.2": {
        "integrity": "sha512-5svOrSA2w3iGFDs1HibEVBGbDrAY82bFQ3HZ3ixB+88nsbsWQoKqDRb5UBYAUPEzbBn6dAp5gRNXglySbx1MlA==",
        "dependencies": {}
      },
      "typed-emitter@2.1.0": {
        "integrity": "sha512-g/KzbYKbH5C2vPkaXGu8DJlHrGKHLsM25Zg9WuC9pMGfuvT+X25tZQWo5fK1BjBm8+UrVE9LDCvaY0CQk+fXDA==",
        "dependencies": {
          "rxjs": "rxjs@7.8.1"
        }
      },
      "uint8arrays@3.0.0": {
        "integrity": "sha512-HRCx0q6O9Bfbp+HHSfQQKD7wU70+lydKVt4EghkdOvlK/NlrF90z+eXV34mUd48rNvVJXwkrMSPpCATkct8fJA==",
        "dependencies": {
          "multiformats": "multiformats@9.9.0"
        }
      },
      "zod@3.21.4": {
        "integrity": "sha512-m46AKbrzKVzOzs/DZgVnG5H55N1sv1M8qZU3A8RIKbs3mrACDNeIOeilDymVb2HdmP8uwshOCF4uJ8uM9rCqJw==",
        "dependencies": {}
      }
    }
  }
}
